%{"cowboy": {:package, "1.0.0"},
  "cowlib": {:package, "1.0.0"},
  "decimal": {:package, "0.2.4"},
  "ecto": {:package, "0.2.3"},
  "hackney": {:package, "0.13.1"},
  "httpoison": {:package, "0.4.1"},
  "idna": {:package, "1.0.1"},
  "linguist": {:package, "0.1.1"},
  "mochiweb": {:git, "git://github.com/mochi/mochiweb.git", "925a7837ebe500bbfc2698a72340d2b2e58cd5df", [ref: "HEAD"]},
  "mochiweb_xpath": {:git, "git://github.com/retnuh/mochiweb_xpath.git", "ccea7319e88281f6274b6fce617278c434bac56f", []},
  "phoenix": {:git, "git://github.com/phoenixframework/phoenix.git", "a16f12565b024338fc6a8d770c574f29aa5cad03", []},
  "plug": {:git, "git://github.com/elixir-lang/plug.git", "fb5010ae9a3bc19c99da74cb4eaca755427ad557", []},
  "plug_basic_auth": {:git, "git://github.com/chrismccord/plug_basic_auth.git", "1875f6fc9dab1c73c4988e7bfb0b51d98046413f", [branch: "cm/refactor-wrapper-into-call"]},
  "poison": {:package, "1.0.2"},
  "poolboy": {:package, "1.2.1"},
  "postgrex": {:package, "0.5.5"},
  "ranch": {:package, "1.0.0"}}
