%{"cowboy": {:package, "1.0.0"},
  "cowlib": {:package, "1.0.0"},
  "decimal": {:package, "0.2.4"},
  "ecto": {:package, "0.2.3"},
  "hackney": {:package, "0.13.1"},
  "httpoison": {:git, "git://github.com/edgurgel/httpoison.git", "0a61ff174968469e3a1dd3d1b576b9cee2e7b2ea", []},
  "idna": {:package, "1.0.1"},
  "linguist": {:package, "0.1.2"},
  "mochiweb": {:git, "git://github.com/mochi/mochiweb.git", "925a7837ebe500bbfc2698a72340d2b2e58cd5df", [ref: "HEAD"]},
  "mochiweb_xpath": {:git, "git://github.com/retnuh/mochiweb_xpath.git", "ccea7319e88281f6274b6fce617278c434bac56f", []},
  "phoenix": {:package, "0.4.0"},
  "plug": {:package, "0.7.0"},
  "plug_basic_auth": {:package, "0.2.0"},
  "poison": {:package, "1.0.3"},
  "poolboy": {:package, "1.2.1"},
  "postgrex": {:package, "0.5.5"},
  "ranch": {:package, "1.0.0"}}
